
Microsoft Visual Studio Solution File, Format Version 12.00
# Visual Studio Version 17
VisualStudioVersion = 17.0.31903.59
MinimumVisualStudioVersion = 10.0.40219.1
Project("{9A19103F-16F7-4668-BE54-9A1E7A4F7556}") = "API", "API\API.csproj", "{9A145537-1037-4E31-87D1-8AA101CBDDAE}"
EndProject
Project("{9A19103F-16F7-4668-BE54-9A1E7A4F7556}") = "Database", "Database\Database.csproj", "{642D1DC4-BBB7-43A3-AB16-65B0645377F6}"
EndProject
Project("{9A19103F-16F7-4668-BE54-9A1E7A4F7556}") = "Application", "Application\Application.csproj", "{08F6D390-F15E-41EC-B595-50542A86BF46}"
EndProject
Project("{9A19103F-16F7-4668-BE54-9A1E7A4F7556}") = "Domain", "Domain\Domain.csproj", "{F1BC31A7-9C5C-4C01-A543-D287BDBF06AF}"
EndProject
Project("{2150E333-8FDC-42A3-9474-1A3956D46DE8}") = "Presentation", "Presentation", "{B466BA46-072A-4B08-9F26-67E773CAA83D}"
EndProject
Project("{2150E333-8FDC-42A3-9474-1A3956D46DE8}") = "Core", "Core", "{4691DC3D-C82D-4B15-9520-A6950E7DB59B}"
EndProject
Project("{2150E333-8FDC-42A3-9474-1A3956D46DE8}") = "Infrastructure", "Infrastructure", "{1C6B3275-34B8-4E70-95FF-C656A5268FA5}"
EndProject
Project("{FAE04EC0-301F-11D3-BF4B-00C04F79EFBC}") = "Scheduler", "ScheduledTasks\Scheduler.csproj", "{B3A6C86C-50BA-4C0C-B1C1-55A497428B92}"
EndProject
Global
	GlobalSection(SolutionConfigurationPlatforms) = preSolution
		Debug|Any CPU = Debug|Any CPU
		Release|Any CPU = Release|Any CPU
	EndGlobalSection
	GlobalSection(ProjectConfigurationPlatforms) = postSolution
		{9A145537-1037-4E31-87D1-8AA101CBDDAE}.Debug|Any CPU.ActiveCfg = Debug|Any CPU
		{9A145537-1037-4E31-87D1-8AA101CBDDAE}.Debug|Any CPU.Build.0 = Debug|Any CPU
		{9A145537-1037-4E31-87D1-8AA101CBDDAE}.Release|Any CPU.ActiveCfg = Release|Any CPU
		{9A145537-1037-4E31-87D1-8AA101CBDDAE}.Release|Any CPU.Build.0 = Release|Any CPU
		{642D1DC4-BBB7-43A3-AB16-65B0645377F6}.Debug|Any CPU.ActiveCfg = Debug|Any CPU
		{642D1DC4-BBB7-43A3-AB16-65B0645377F6}.Debug|Any CPU.Build.0 = Debug|Any CPU
		{642D1DC4-BBB7-43A3-AB16-65B0645377F6}.Release|Any CPU.ActiveCfg = Release|Any CPU
		{642D1DC4-BBB7-43A3-AB16-65B0645377F6}.Release|Any CPU.Build.0 = Release|Any CPU
		{08F6D390-F15E-41EC-B595-50542A86BF46}.Debug|Any CPU.ActiveCfg = Debug|Any CPU
		{08F6D390-F15E-41EC-B595-50542A86BF46}.Debug|Any CPU.Build.0 = Debug|Any CPU
		{08F6D390-F15E-41EC-B595-50542A86BF46}.Release|Any CPU.ActiveCfg = Release|Any CPU
		{08F6D390-F15E-41EC-B595-50542A86BF46}.Release|Any CPU.Build.0 = Release|Any CPU
		{F1BC31A7-9C5C-4C01-A543-D287BDBF06AF}.Debug|Any CPU.ActiveCfg = Debug|Any CPU
		{F1BC31A7-9C5C-4C01-A543-D287BDBF06AF}.Debug|Any CPU.Build.0 = Debug|Any CPU
		{F1BC31A7-9C5C-4C01-A543-D287BDBF06AF}.Release|Any CPU.ActiveCfg = Release|Any CPU
		{F1BC31A7-9C5C-4C01-A543-D287BDBF06AF}.Release|Any CPU.Build.0 = Release|Any CPU
		{B3A6C86C-50BA-4C0C-B1C1-55A497428B92}.Debug|Any CPU.ActiveCfg = Debug|Any CPU
		{B3A6C86C-50BA-4C0C-B1C1-55A497428B92}.Debug|Any CPU.Build.0 = Debug|Any CPU
		{B3A6C86C-50BA-4C0C-B1C1-55A497428B92}.Release|Any CPU.ActiveCfg = Release|Any CPU
		{B3A6C86C-50BA-4C0C-B1C1-55A497428B92}.Release|Any CPU.Build.0 = Release|Any CPU
	EndGlobalSection
	GlobalSection(SolutionProperties) = preSolution
		HideSolutionNode = FALSE
	EndGlobalSection
	GlobalSection(NestedProjects) = preSolution
		{9A145537-1037-4E31-87D1-8AA101CBDDAE} = {B466BA46-072A-4B08-9F26-67E773CAA83D}
		{642D1DC4-BBB7-43A3-AB16-65B0645377F6} = {1C6B3275-34B8-4E70-95FF-C656A5268FA5}
		{08F6D390-F15E-41EC-B595-50542A86BF46} = {4691DC3D-C82D-4B15-9520-A6950E7DB59B}
		{F1BC31A7-9C5C-4C01-A543-D287BDBF06AF} = {4691DC3D-C82D-4B15-9520-A6950E7DB59B}
		{B3A6C86C-50BA-4C0C-B1C1-55A497428B92} = {1C6B3275-34B8-4E70-95FF-C656A5268FA5}
	EndGlobalSection
	GlobalSection(ExtensibilityGlobals) = postSolution
		SolutionGuid = {29778889-71B9-4917-BFD2-067F2738098D}
	EndGlobalSection
EndGlobal
