
Microsoft Visual Studio Solution File, Format Version 12.00
# Visual Studio Version 17
VisualStudioVersion = 17.0.31903.59
MinimumVisualStudioVersion = 10.0.40219.1
Project("{9A19103F-16F7-4668-BE54-9A1E7A4F7556}") = "WebApi", "API\WebApi.csproj", "{2C5A21A1-60F4-4337-845E-C1C6C7E7BE50}"
EndProject
Project("{2150E333-8FDC-42A3-9474-1A3956D46DE8}") = "Core", "Core", "{ED7EC4AC-E09B-48E4-9D89-50BDC2EBD1A4}"
EndProject
Project("{2150E333-8FDC-42A3-9474-1A3956D46DE8}") = "Presentation", "Presentation", "{99D434CE-BDBE-4A39-B8C0-325AE7DF40E6}"
EndProject
Project("{FAE04EC0-301F-11D3-BF4B-00C04F79EFBC}") = "Entities", "Entities\Entities.csproj", "{1AFA17BD-3CAB-4926-95E9-FEC31C2D5945}"
EndProject
Project("{FAE04EC0-301F-11D3-BF4B-00C04F79EFBC}") = "Services", "Services\Services.csproj", "{6048AD7B-20A9-49C9-B94F-9F2A8CED6155}"
EndProject
Project("{FAE04EC0-301F-11D3-BF4B-00C04F79EFBC}") = "Repositories", "Repositories\Repositories.csproj", "{656A2DCE-DD5B-48F9-9BA3-CC8D578E3144}"
EndProject
Project("{2150E333-8FDC-42A3-9474-1A3956D46DE8}") = "Database", "Database", "{AE5ECEF2-2D69-4182-B0F2-D3CD8B74010B}"
EndProject
Project("{2150E333-8FDC-42A3-9474-1A3956D46DE8}") = "Postgresql", "Postgresql", "{D56D2D80-8AE6-4360-86D6-28FA92E915E5}"
EndProject
Global
	GlobalSection(SolutionConfigurationPlatforms) = preSolution
		Debug|Any CPU = Debug|Any CPU
		Release|Any CPU = Release|Any CPU
	EndGlobalSection
	GlobalSection(ProjectConfigurationPlatforms) = postSolution
		{2C5A21A1-60F4-4337-845E-C1C6C7E7BE50}.Debug|Any CPU.ActiveCfg = Debug|Any CPU
		{2C5A21A1-60F4-4337-845E-C1C6C7E7BE50}.Debug|Any CPU.Build.0 = Debug|Any CPU
		{2C5A21A1-60F4-4337-845E-C1C6C7E7BE50}.Release|Any CPU.ActiveCfg = Release|Any CPU
		{2C5A21A1-60F4-4337-845E-C1C6C7E7BE50}.Release|Any CPU.Build.0 = Release|Any CPU
		{1AFA17BD-3CAB-4926-95E9-FEC31C2D5945}.Debug|Any CPU.ActiveCfg = Debug|Any CPU
		{1AFA17BD-3CAB-4926-95E9-FEC31C2D5945}.Debug|Any CPU.Build.0 = Debug|Any CPU
		{1AFA17BD-3CAB-4926-95E9-FEC31C2D5945}.Release|Any CPU.ActiveCfg = Release|Any CPU
		{1AFA17BD-3CAB-4926-95E9-FEC31C2D5945}.Release|Any CPU.Build.0 = Release|Any CPU
		{6048AD7B-20A9-49C9-B94F-9F2A8CED6155}.Debug|Any CPU.ActiveCfg = Debug|Any CPU
		{6048AD7B-20A9-49C9-B94F-9F2A8CED6155}.Debug|Any CPU.Build.0 = Debug|Any CPU
		{6048AD7B-20A9-49C9-B94F-9F2A8CED6155}.Release|Any CPU.ActiveCfg = Release|Any CPU
		{6048AD7B-20A9-49C9-B94F-9F2A8CED6155}.Release|Any CPU.Build.0 = Release|Any CPU
		{656A2DCE-DD5B-48F9-9BA3-CC8D578E3144}.Debug|Any CPU.ActiveCfg = Debug|Any CPU
		{656A2DCE-DD5B-48F9-9BA3-CC8D578E3144}.Debug|Any CPU.Build.0 = Debug|Any CPU
		{656A2DCE-DD5B-48F9-9BA3-CC8D578E3144}.Release|Any CPU.ActiveCfg = Release|Any CPU
		{656A2DCE-DD5B-48F9-9BA3-CC8D578E3144}.Release|Any CPU.Build.0 = Release|Any CPU
	EndGlobalSection
	GlobalSection(SolutionProperties) = preSolution
		HideSolutionNode = FALSE
	EndGlobalSection
	GlobalSection(NestedProjects) = preSolution
		{2C5A21A1-60F4-4337-845E-C1C6C7E7BE50} = {99D434CE-BDBE-4A39-B8C0-325AE7DF40E6}
		{1AFA17BD-3CAB-4926-95E9-FEC31C2D5945} = {ED7EC4AC-E09B-48E4-9D89-50BDC2EBD1A4}
		{6048AD7B-20A9-49C9-B94F-9F2A8CED6155} = {ED7EC4AC-E09B-48E4-9D89-50BDC2EBD1A4}
		{656A2DCE-DD5B-48F9-9BA3-CC8D578E3144} = {ED7EC4AC-E09B-48E4-9D89-50BDC2EBD1A4}
		{D56D2D80-8AE6-4360-86D6-28FA92E915E5} = {AE5ECEF2-2D69-4182-B0F2-D3CD8B74010B}
	EndGlobalSection
	GlobalSection(ExtensibilityGlobals) = postSolution
		SolutionGuid = {B1332C85-1B6A-4F1D-9253-784720C39DBF}
	EndGlobalSection
EndGlobal
