
Microsoft Visual Studio Solution File, Format Version 12.00
# Visual Studio Version 17
VisualStudioVersion = 17.0.31903.59
MinimumVisualStudioVersion = 10.0.40219.1
Project("{9A19103F-16F7-4668-BE54-9A1E7A4F7556}") = "WebApi", "API\WebApi.csproj", "{2C5A21A1-60F4-4337-845E-C1C6C7E7BE50}"
EndProject
Project("{FAE04EC0-301F-11D3-BF4B-00C04F79EFBC}") = "Core", "Core\Core.csproj", "{8CFCC70E-857C-442B-BFAA-AE3A8D842CD2}"
EndProject
Project("{FAE04EC0-301F-11D3-BF4B-00C04F79EFBC}") = "Domain", "Domain\Domain.csproj", "{5846674A-52A5-443E-BC39-D36B566C542D}"
EndProject
Project("{FAE04EC0-301F-11D3-BF4B-00C04F79EFBC}") = "Database", "Database\Database.csproj", "{347126BA-2348-4314-BDC1-79F108BEC85A}"
EndProject
Global
	GlobalSection(SolutionConfigurationPlatforms) = preSolution
		Debug|Any CPU = Debug|Any CPU
		Release|Any CPU = Release|Any CPU
	EndGlobalSection
	GlobalSection(ProjectConfigurationPlatforms) = postSolution
		{2C5A21A1-60F4-4337-845E-C1C6C7E7BE50}.Debug|Any CPU.ActiveCfg = Debug|Any CPU
		{2C5A21A1-60F4-4337-845E-C1C6C7E7BE50}.Debug|Any CPU.Build.0 = Debug|Any CPU
		{2C5A21A1-60F4-4337-845E-C1C6C7E7BE50}.Release|Any CPU.ActiveCfg = Release|Any CPU
		{2C5A21A1-60F4-4337-845E-C1C6C7E7BE50}.Release|Any CPU.Build.0 = Release|Any CPU
		{8CFCC70E-857C-442B-BFAA-AE3A8D842CD2}.Debug|Any CPU.ActiveCfg = Debug|Any CPU
		{8CFCC70E-857C-442B-BFAA-AE3A8D842CD2}.Debug|Any CPU.Build.0 = Debug|Any CPU
		{8CFCC70E-857C-442B-BFAA-AE3A8D842CD2}.Release|Any CPU.ActiveCfg = Release|Any CPU
		{8CFCC70E-857C-442B-BFAA-AE3A8D842CD2}.Release|Any CPU.Build.0 = Release|Any CPU
		{5846674A-52A5-443E-BC39-D36B566C542D}.Debug|Any CPU.ActiveCfg = Debug|Any CPU
		{5846674A-52A5-443E-BC39-D36B566C542D}.Debug|Any CPU.Build.0 = Debug|Any CPU
		{5846674A-52A5-443E-BC39-D36B566C542D}.Release|Any CPU.ActiveCfg = Release|Any CPU
		{5846674A-52A5-443E-BC39-D36B566C542D}.Release|Any CPU.Build.0 = Release|Any CPU
		{347126BA-2348-4314-BDC1-79F108BEC85A}.Debug|Any CPU.ActiveCfg = Debug|Any CPU
		{347126BA-2348-4314-BDC1-79F108BEC85A}.Debug|Any CPU.Build.0 = Debug|Any CPU
		{347126BA-2348-4314-BDC1-79F108BEC85A}.Release|Any CPU.ActiveCfg = Release|Any CPU
		{347126BA-2348-4314-BDC1-79F108BEC85A}.Release|Any CPU.Build.0 = Release|Any CPU
	EndGlobalSection
	GlobalSection(SolutionProperties) = preSolution
		HideSolutionNode = FALSE
	EndGlobalSection
	GlobalSection(ExtensibilityGlobals) = postSolution
		SolutionGuid = {B1332C85-1B6A-4F1D-9253-784720C39DBF}
	EndGlobalSection
EndGlobal
